
Microsoft Visual Studio Solution File, Format Version 12.00
# Visual Studio Version 17
VisualStudioVersion = 17.2.32616.157
MinimumVisualStudioVersion = 10.0.40219.1
Project("{9A19103F-16F7-4668-BE54-9A1E7A4F7556}") = "day14", "day14\day14.csproj", "{EE27AB2D-A6DF-4215-AFB2-24FED163B733}"
EndProject
Project("{9A19103F-16F7-4668-BE54-9A1E7A4F7556}") = "UC2-linkedlist", "UC2-linkedlist\UC2-linkedlist.csproj", "{05B7D9AC-EB74-4070-8EF6-FF13636639BB}"
EndProject
Project("{9A19103F-16F7-4668-BE54-9A1E7A4F7556}") = "UC4-linkedlist", "UC3-linkedlist\UC4-linkedlist.csproj", "{FB1AD466-5EE0-47A5-8DC5-A6CC2836FED6}"
EndProject
Global
	GlobalSection(SolutionConfigurationPlatforms) = preSolution
		Debug|Any CPU = Debug|Any CPU
		Release|Any CPU = Release|Any CPU
	EndGlobalSection
	GlobalSection(ProjectConfigurationPlatforms) = postSolution
		{EE27AB2D-A6DF-4215-AFB2-24FED163B733}.Debug|Any CPU.ActiveCfg = Debug|Any CPU
		{EE27AB2D-A6DF-4215-AFB2-24FED163B733}.Debug|Any CPU.Build.0 = Debug|Any CPU
		{EE27AB2D-A6DF-4215-AFB2-24FED163B733}.Release|Any CPU.ActiveCfg = Release|Any CPU
		{EE27AB2D-A6DF-4215-AFB2-24FED163B733}.Release|Any CPU.Build.0 = Release|Any CPU
		{05B7D9AC-EB74-4070-8EF6-FF13636639BB}.Debug|Any CPU.ActiveCfg = Debug|Any CPU
		{05B7D9AC-EB74-4070-8EF6-FF13636639BB}.Debug|Any CPU.Build.0 = Debug|Any CPU
		{05B7D9AC-EB74-4070-8EF6-FF13636639BB}.Release|Any CPU.ActiveCfg = Release|Any CPU
		{05B7D9AC-EB74-4070-8EF6-FF13636639BB}.Release|Any CPU.Build.0 = Release|Any CPU
		{FB1AD466-5EE0-47A5-8DC5-A6CC2836FED6}.Debug|Any CPU.ActiveCfg = Debug|Any CPU
		{FB1AD466-5EE0-47A5-8DC5-A6CC2836FED6}.Debug|Any CPU.Build.0 = Debug|Any CPU
		{FB1AD466-5EE0-47A5-8DC5-A6CC2836FED6}.Release|Any CPU.ActiveCfg = Release|Any CPU
		{FB1AD466-5EE0-47A5-8DC5-A6CC2836FED6}.Release|Any CPU.Build.0 = Release|Any CPU
	EndGlobalSection
	GlobalSection(SolutionProperties) = preSolution
		HideSolutionNode = FALSE
	EndGlobalSection
	GlobalSection(ExtensibilityGlobals) = postSolution
		SolutionGuid = {98D9AD7B-4C4B-4D65-8E89-C7C042DF42F3}
	EndGlobalSection
EndGlobal
